<?xml version="1.0" encoding="utf-8"?>
<Project ToolsVersion="4.0" xmlns="http://schemas.microsoft.com/developer/msbuild/2003">
  <ItemGroup>
    <Filter Include="源文件">
      <UniqueIdentifier>{4FC737F1-C7A5-4376-A066-2A32D752A2FF}</UniqueIdentifier>
      <Extensions>cpp;c;cc;cxx;def;odl;idl;hpj;bat;asm;asmx</Extensions>
    </Filter>
    <Filter Include="资源文件">
      <UniqueIdentifier>{67DA6AB6-F800-4c08-8B7A-83BB121AAD01}</UniqueIdentifier>
      <Extensions>rc;ico;cur;bmp;dlg;rc2;rct;bin;rgs;gif;jpg;jpeg;jpe;resx;tiff;tif;png;wav;mfcribbon-ms</Extensions>
    </Filter>
    <Filter Include="demo">
      <UniqueIdentifier>{1c243070-029c-4eb7-b65f-4e39ebc6c96e}</UniqueIdentifier>
    </Filter>
  </ItemGroup>
  <ItemGroup>
    <ClInclude Include="..\..\android\jni\sysSdk\include\android_rga.h">
      <Filter>源文件</Filter>
    </ClInclude>
    <ClInclude Include="..\..\android\jni\sysSdk\include\LogUtil.h">
      <Filter>源文件</Filter>
    </ClInclude>
    <ClInclude Include="..\..\android\jni\sysSdk\include\nv21FastConverter4RK.h">
      <Filter>源文件</Filter>
    </ClInclude>
    <ClInclude Include="..\..\android\jni\sysSdk\include\rga_priv.h">
      <Filter>源文件</Filter>
    </ClInclude>
    <ClInclude Include="..\..\android\jni\sysSdk\include\rockchip_rga.h">
      <Filter>源文件</Filter>
    </ClInclude>
  </ItemGroup>
  <ItemGroup>
    <ClCompile Include="..\..\android\jni\sysSdk\src\android_rga.cpp">
      <Filter>源文件</Filter>
    </ClCompile>
    <ClCompile Include="..\..\android\jni\sysSdk\src\nv21FastConverter4RK.cpp">
      <Filter>源文件</Filter>
    </ClCompile>
    <ClCompile Include="..\..\android\jni\sysSdk\src\rockchip_rga.cpp">
      <Filter>源文件</Filter>
    </ClCompile>
    <ClCompile Include="..\..\android\jni\sysSdk\test_cvt.cpp">
      <Filter>demo</Filter>
    </ClCompile>
  </ItemGroup>
</Project>